{
  "lockfile_version": "1",
  "packages": {
    "ansible-doctor@8.3.3": {
      "last_modified": "2026-08-01T16:34:20Z",
      "resolved": "github:NixOS/nixpkgs/a5cbcfe954791221bfffe2307f7d1a1bf61a871e#ansible-doctor",
      "source": "devbox-search",
      "version": "8.3.3",
      "systems": {
        "aarch64-darwin": {
          "outputs": [
            {
              "name": "out",
              "path": "/nix/store/nl05bkh03ys6z1fdnsajv5qkqivnayvi-ansible-doctor-8.3.3",
              "default": true
            },
            {
              "name": "dist",
              "path": "/nix/store/fz25vacm3srb6afcxw8is9b0j0jig928-ansible-doctor-8.3.3-dist"
            }
          ],
          "store_path": "/nix/store/nl05bkh03ys6z1fdnsajv5qkqivnayvi-ansible-doctor-8.3.3"
        },
        "aarch64-linux": {
          "outputs": [
            {
              "name": "out",
              "path": "/nix/store/jxznsf45l1s4bisyqq39m3zj1ifv4r7p-ansible-doctor-8.3.3",
              "default": true
            },
            {
              "name": "dist",
              "path": "/nix/store/xaz6bld6nvjpa78n4plihc37kqzw9h6l-ansible-doctor-8.3.3-dist"
            }
          ],
          "store_path": "/nix/store/jxznsf45l1s4bisyqq39m3zj1ifv4r7p-ansible-doctor-8.3.3"
        },
        "x86_64-darwin": {
          "outputs": [
            {
              "name": "out",
              "path": "/nix/store/qf6nqnd6xfppg5plyac8y5r0i40gghri-ansible-doctor-8.3.3",
              "default": true
            },
            {
              "name": "dist",
              "path": "/nix/store/c5xais4f23178wpcl6gxqfs51fh7c6qf-ansible-doctor-8.3.3-dist"
            }
          ],
          "store_path": "/nix/store/qf6nqnd6xfppg5plyac8y5r0i40gghri-ansible-doctor-8.3.3"
        },
        "x86_64-linux": {
          "outputs": [
            {
              "name": "out",
              "path": "/nix/store/v5v82h41f8lwjsz8k389l7dn1p8x2zvz-ansible-doctor-8.3.3",
              "default": true
            },
            {
              "name": "dist",
              "path": "/nix/store/5p2123ghlrlc3gm3pl4rp9cnd8sya6in-ansible-doctor-8.3.3-dist"
            }
          ],
          "store_path": "/nix/store/v5v82h41f8lwjsz8k389l7dn1p8x2zvz-ansible-doctor-8.3.3"
        }
      }
    },
    "ansible-lint@25.8.2": {
      "last_modified": "2026-08-01T16:34:20Z",
      "resolved": "github:NixOS/nixpkgs/a5cbcfe954791221bfffe2307f7d1a1bf61a871e#ansible-lint",
      "source": "devbox-search",
      "version": "25.8.2",
      "systems": {
        "aarch64-darwin": {
          "outputs": [
            {
              "name": "out",
              "path": "/nix/store/7j7zb53pgyvypcy69kjvk4r9p7snhb0j-ansible-lint-25.8.2",
              "default": true
            },
            {
              "name": "dist",
              "path": "/nix/store/aya58c2qfakqhj8lkxw5mwg1ap0zx0bk-ansible-lint-25.8.2-dist"
            }
          ],
          "store_path": "/nix/store/7j7zb53pgyvypcy69kjvk4r9p7snhb0j-ansible-lint-25.8.2"
        },
        "aarch64-linux": {
          "outputs": [
            {
              "name": "out",
              "path": "/nix/store/hqbgxkydc6j00g5wawskhj8yn5lcfihf-ansible-lint-25.8.2",
              "default": true
            },
            {
              "name": "dist",
              "path": "/nix/store/gplizdn81z1dgrf95g9d70csp67lk8aw-ansible-lint-25.8.2-dist"
            }
          ],
          "store_path": "/nix/store/hqbgxkydc6j00g5wawskhj8yn5lcfihf-ansible-lint-25.8.2"
        },
        "x86_64-darwin": {
          "outputs": [
            {
              "name": "out",
              "path": "/nix/store/mhgajzzpprc8i67i4523wmyf8iwapgpy-ansible-lint-25.8.2",
              "default": true
            },
            {
              "name": "dist",
              "path": "/nix/store/crh61azbn7cr5abymv8dzs8afyg82011-ansible-lint-25.8.2-dist"
            }
          ],
          "store_path": "/nix/store/mhgajzzpprc8i67i4523wmyf8iwapgpy-ansible-lint-25.8.2"
        },
        "x86_64-linux": {
          "outputs": [
            {
              "name": "out",
              "path": "/nix/store/qk8i11cpfy4f25v8pgiasxjzlm7a4cl9-ansible-lint-25.8.2",
              "default": true
            },
            {
              "name": "dist",
              "path": "/nix/store/1829iqgaplk6wdwi16q9zydf7pn88v3y-ansible-lint-25.8.2-dist"
            }
          ],
          "store_path": "/nix/store/qk8i11cpfy4f25v8pgiasxjzlm7a4cl9-ansible-lint-25.8.2"
        }
      }
    },
    "git@2.55.0": {
      "last_modified": "2026-08-01T16:34:20Z",
      "resolved": "github:NixOS/nixpkgs/a5cbcfe954791221bfffe2307f7d1a1bf61a871e#git",
      "source": "devbox-search",
      "version": "2.55.0",
      "systems": {
        "aarch64-darwin": {
          "outputs": [
            {
              "name": "out",
              "path": "/nix/store/rim5n939lwjc8mah63ld1q31i6n7bvf0-git-2.55.0",
              "default": true
            },
            {
              "name": "doc",
              "path": "/nix/store/y34pxb3x3h1gyvcfvanqlfjzm0c86cb4-git-2.55.0-doc"
            }
          ],
          "store_path": "/nix/store/rim5n939lwjc8mah63ld1q31i6n7bvf0-git-2.55.0"
        },
        "aarch64-linux": {
          "outputs": [
            {
              "name": "out",
              "path": "/nix/store/v2iradivx07xjqwk2q71i57pwxw6wh4g-git-2.55.0",
              "default": true
            },
            {
              "name": "debug",
              "path": "/nix/store/nsck4ncjjmdy8c5h83yw297c7xxv64xx-git-2.55.0-debug"
            },
            {
              "name": "doc",
              "path": "/nix/store/bz8bdi34lg4w10kxs9bm93658ary5rrz-git-2.55.0-doc"
            }
          ],
          "store_path": "/nix/store/v2iradivx07xjqwk2q71i57pwxw6wh4g-git-2.55.0"
        },
        "x86_64-linux": {
          "outputs": [
            {
              "name": "out",
              "path": "/nix/store/6f0qqak4qbcrbw4f750phr88c9yhpf5s-git-2.55.0",
              "default": true
            },
            {
              "name": "debug",
              "path": "/nix/store/rwiamhfaqkns90xsalafayg01afk3pza-git-2.55.0-debug"
            },
            {
              "name": "doc",
              "path": "/nix/store/bddpyi6cgkp3v8f58i900hymgfvkyag5-git-2.55.0-doc"
            }
          ],
          "store_path": "/nix/store/6f0qqak4qbcrbw4f750phr88c9yhpf5s-git-2.55.0"
        }
      }
    },
    "github:NixOS/nixpkgs/nixpkgs-unstable": {
      "last_modified": "2026-08-03T09:05:39Z",
      "resolved": "github:NixOS/nixpkgs/104240a772428cc2e20d8fd86c9ddbb886bbaff2?lastModified=1785747939&narHash=sha256-D740uKsMbgsfK2oaDenJLLPIZfq7W0%2Fg4KN%2FFls8eKs%3D"
    },
    "glibcLocales@2.40-66": {
      "last_modified": "2025-12-31T03:27:36Z",
      "resolved": "github:NixOS/nixpkgs/f665af0cdb70ed27e1bd8f9fdfecaf451260fc55#glibcLocales",
      "source": "devbox-search",
      "version": "2.40-66",
      "systems": {
        "aarch64-linux": {
          "outputs": [
            {
              "name": "out",
              "path": "/nix/store/0mrra8k6h7dvs6dmq3f4ilsm0v33d01z-glibc-locales-2.40-66",
              "default": true
            }
          ],
          "store_path": "/nix/store/0mrra8k6h7dvs6dmq3f4ilsm0v33d01z-glibc-locales-2.40-66"
        },
        "x86_64-linux": {
          "outputs": [
            {
              "name": "out",
              "path": "/nix/store/wmwyf3bxrhg5ssd477dp99986wh4mzmm-glibc-locales-2.40-66",
              "default": true
            }
          ],
          "store_path": "/nix/store/wmwyf3bxrhg5ssd477dp99986wh4mzmm-glibc-locales-2.40-66"
        }
      }
    },
    "go-task@3.52.0": {
      "last_modified": "2026-08-16T22:25:34Z",
      "resolved": "github:NixOS/nixpkgs/21e032ff95225fb81164a2b2b696c5f6841fcb62#go-task",
      "source": "devbox-search",
      "version": "3.52.0",
      "systems": {
        "aarch64-darwin": {
          "outputs": [
            {
              "name": "out",
              "path": "/nix/store/cai65hxx8nfq0pcy1jsi9bpf9rdkgm8d-go-task-3.52.0",
              "default": true
            }
          ],
          "store_path": "/nix/store/cai65hxx8nfq0pcy1jsi9bpf9rdkgm8d-go-task-3.52.0"
        },
        "aarch64-linux": {
          "outputs": [
            {
              "name": "out",
              "path": "/nix/store/viya59rc1708vqi0g67kzmsnvn4ql3gn-go-task-3.52.0",
              "default": true
            }
          ],
          "store_path": "/nix/store/viya59rc1708vqi0g67kzmsnvn4ql3gn-go-task-3.52.0"
        },
        "x86_64-linux": {
          "outputs": [
            {
              "name": "out",
              "path": "/nix/store/x9x07fj5xhwp1riqms54b75izn59xdch-go-task-3.52.0",
              "default": true
            }
          ],
          "store_path": "/nix/store/x9x07fj5xhwp1riqms54b75izn59xdch-go-task-3.52.0"
        }
      }
    },
    "podman@5.8.4": {
      "last_modified": "2026-08-01T16:34:20Z",
      "resolved": "github:NixOS/nixpkgs/a5cbcfe954791221bfffe2307f7d1a1bf61a871e#podman",
      "source": "devbox-search",
      "version": "5.8.4",
      "systems": {
        "aarch64-darwin": {
          "outputs": [
            {
              "name": "out",
              "path": "/nix/store/5yrkc5hwvsk12mxknaplxyvxb2c1pv2d-podman-5.8.4",
              "default": true
            },
            {
              "name": "man",
              "path": "/nix/store/qg1wlycsd3l7ybjln85m1j52fy34w8vr-podman-5.8.4-man",
              "default": true
            }
          ],
          "store_path": "/nix/store/5yrkc5hwvsk12mxknaplxyvxb2c1pv2d-podman-5.8.4"
        },
        "aarch64-linux": {
          "outputs": [
            {
              "name": "out",
              "path": "/nix/store/f8008ds087chkjprwfcxdmwigzi050am-podman-5.8.4",
              "default": true
            },
            {
              "name": "man",
              "path": "/nix/store/0j68yagjqzqrnih41jzb0pcpqi5qvr6z-podman-5.8.4-man",
              "default": true
            }
          ],
          "store_path": "/nix/store/f8008ds087chkjprwfcxdmwigzi050am-podman-5.8.4"
        },
        "x86_64-darwin": {
          "outputs": [
            {
              "name": "out",
              "path": "/nix/store/vjrky6cijiw4g15ccw0iv8brk8qjmvyr-podman-5.8.4",
              "default": true
            },
            {
              "name": "man",
              "path": "/nix/store/rcmf6ds7m4zhbca6ckvigmad6q69phgn-podman-5.8.4-man",
              "default": true
            }
          ],
          "store_path": "/nix/store/vjrky6cijiw4g15ccw0iv8brk8qjmvyr-podman-5.8.4"
        },
        "x86_64-linux": {
          "outputs": [
            {
              "name": "out",
              "path": "/nix/store/a48r2v1d4xdg3x1clpjh66cfhynndwwl-podman-5.8.4",
              "default": true
            },
            {
              "name": "man",
              "path": "/nix/store/yqjnqafn76xdlw018bxlipqc36l4ynbi-podman-5.8.4-man",
              "default": true
            }
          ],
          "store_path": "/nix/store/a48r2v1d4xdg3x1clpjh66cfhynndwwl-podman-5.8.4"
        }
      }
    },
    "prek@0.4.12": {
      "last_modified": "2026-08-08T22:24:59Z",
      "resolved": "github:NixOS/nixpkgs/fe6deff5fad4a42d0e08d2bab3f2d6c7c88f3fe5#prek",
      "source": "devbox-search",
      "version": "0.4.12",
      "systems": {
        "aarch64-darwin": {
          "outputs": [
            {
              "name": "out",
              "path": "/nix/store/0vh1mjac0drv4wd8vid8ycbc6rzlic6g-prek-0.4.12",
              "default": true
            }
          ],
          "store_path": "/nix/store/0vh1mjac0drv4wd8vid8ycbc6rzlic6g-prek-0.4.12"
        },
        "aarch64-linux": {
          "outputs": [
            {
              "name": "out",
              "path": "/nix/store/x78ysf3jhp1p1gwh0l19g9jzql3vr875-prek-0.4.12",
              "default": true
            }
          ],
          "store_path": "/nix/store/x78ysf3jhp1p1gwh0l19g9jzql3vr875-prek-0.4.12"
        },
        "x86_64-linux": {
          "outputs": [
            {
              "name": "out",
              "path": "/nix/store/4qw75m2ihfzx9vrp35r5hrxqs1pbxas7-prek-0.4.12",
              "default": true
            }
          ],
          "store_path": "/nix/store/4qw75m2ihfzx9vrp35r5hrxqs1pbxas7-prek-0.4.12"
        }
      }
    },
    "python314Packages.ansible@14.2.0": {
      "last_modified": "2026-08-03T00:04:07Z",
      "resolved": "github:NixOS/nixpkgs/243895692ae2a2fbd08a05141462c0cc0d3ca10f#python314Packages.ansible",
      "source": "devbox-search",
      "version": "14.2.0",
      "systems": {
        "aarch64-darwin": {
          "outputs": [
            {
              "name": "out",
              "path": "/nix/store/dda9lk69j06lwfg7q5xazncmjn2g767g-python3.14-ansible-14.2.0",
              "default": true
            },
            {
              "name": "dist",
              "path": "/nix/store/7w00frh65vjrn8vjn817ldnqn7b42dsa-python3.14-ansible-14.2.0-dist"
            }
          ],
          "store_path": "/nix/store/dda9lk69j06lwfg7q5xazncmjn2g767g-python3.14-ansible-14.2.0"
        },
        "aarch64-linux": {
          "outputs": [
            {
              "name": "out",
              "path": "/nix/store/if8m8m0fghbq6dwd6yf3ixhqc12s3lvp-python3.14-ansible-14.2.0",
              "default": true
            },
            {
              "name": "dist",
              "path": "/nix/store/7b029yibn3cn9lzdc2f222a6hkd3nwlm-python3.14-ansible-14.2.0-dist"
            }
          ],
          "store_path": "/nix/store/if8m8m0fghbq6dwd6yf3ixhqc12s3lvp-python3.14-ansible-14.2.0"
        },
        "x86_64-linux": {
          "outputs": [
            {
              "name": "out",
              "path": "/nix/store/qv0xrpbs16fh4ls0r2jyj237m25pl5cy-python3.14-ansible-14.2.0",
              "default": true
            },
            {
              "name": "dist",
              "path": "/nix/store/ia47kh7v8ajjkjw0i57fhsh8axn028g9-python3.14-ansible-14.2.0-dist"
            }
          ],
          "store_path": "/nix/store/qv0xrpbs16fh4ls0r2jyj237m25pl5cy-python3.14-ansible-14.2.0"
        }
      }
    },
    "python314Packages.molecule-plugins@25.8.12": {
      "last_modified": "2026-08-01T16:34:20Z",
      "resolved": "github:NixOS/nixpkgs/a5cbcfe954791221bfffe2307f7d1a1bf61a871e#python314Packages.molecule-plugins",
      "source": "devbox-search",
      "version": "25.8.12",
      "systems": {
        "aarch64-darwin": {
          "outputs": [
            {
              "name": "out",
              "path": "/nix/store/3f6yrv0gdcvkfzq16dy19z6j97h1lp5v-python3.14-molecule-plugins-25.8.12",
              "default": true
            },
            {
              "name": "dist",
              "path": "/nix/store/qdvgafxcv156fw7gjxlmq6dvmdfh16xx-python3.14-molecule-plugins-25.8.12-dist"
            }
          ],
          "store_path": "/nix/store/3f6yrv0gdcvkfzq16dy19z6j97h1lp5v-python3.14-molecule-plugins-25.8.12"
        },
        "aarch64-linux": {
          "outputs": [
            {
              "name": "out",
              "path": "/nix/store/5x2smfp1297xjqxmal3x77sn6xrxb5ij-python3.14-molecule-plugins-25.8.12",
              "default": true
            },
            {
              "name": "dist",
              "path": "/nix/store/616zjn2ji52cnfy00b2fxkygr477smvs-python3.14-molecule-plugins-25.8.12-dist"
            }
          ],
          "store_path": "/nix/store/5x2smfp1297xjqxmal3x77sn6xrxb5ij-python3.14-molecule-plugins-25.8.12"
        },
        "x86_64-darwin": {
          "outputs": [
            {
              "name": "out",
              "path": "/nix/store/h0h2l64bvqw0cjw48pah13i7833dcpjv-python3.14-molecule-plugins-25.8.12",
              "default": true
            },
            {
              "name": "dist",
              "path": "/nix/store/z677lm0f0kmmb9kbsk6i6vd4pgdxpiyc-python3.14-molecule-plugins-25.8.12-dist"
            }
          ],
          "store_path": "/nix/store/h0h2l64bvqw0cjw48pah13i7833dcpjv-python3.14-molecule-plugins-25.8.12"
        },
        "x86_64-linux": {
          "outputs": [
            {
              "name": "out",
              "path": "/nix/store/fjldchj1jnmz3bg206v79qzxpvb05yip-python3.14-molecule-plugins-25.8.12",
              "default": true
            },
            {
              "name": "dist",
              "path": "/nix/store/46gbln6nysgwd7b6s7znc75xffz57w15-python3.14-molecule-plugins-25.8.12-dist"
            }
          ],
          "store_path": "/nix/store/fjldchj1jnmz3bg206v79qzxpvb05yip-python3.14-molecule-plugins-25.8.12"
        }
      }
    },
    "python314Packages.molecule@26.6.0": {
      "last_modified": "2026-08-01T16:34:20Z",
      "resolved": "github:NixOS/nixpkgs/a5cbcfe954791221bfffe2307f7d1a1bf61a871e#python314Packages.molecule",
      "source": "devbox-search",
      "version": "26.6.0",
      "systems": {
        "aarch64-darwin": {
          "outputs": [
            {
              "name": "out",
              "path": "/nix/store/sx4ckjcbp6ccvx2z68ll36l3sf8bn9kv-python3.14-molecule-26.6.0",
              "default": true
            },
            {
              "name": "dist",
              "path": "/nix/store/b7g21clfvnwrykg852pj6khwx9ay3p8q-python3.14-molecule-26.6.0-dist"
            }
          ],
          "store_path": "/nix/store/sx4ckjcbp6ccvx2z68ll36l3sf8bn9kv-python3.14-molecule-26.6.0"
        },
        "aarch64-linux": {
          "outputs": [
            {
              "name": "out",
              "path": "/nix/store/zhjyg314as2nj8772gjampmkhy522j18-python3.14-molecule-26.6.0",
              "default": true
            },
            {
              "name": "dist",
              "path": "/nix/store/s5mj89cxpznz407cdpkwmnjsjlkikrc2-python3.14-molecule-26.6.0-dist"
            }
          ],
          "store_path": "/nix/store/zhjyg314as2nj8772gjampmkhy522j18-python3.14-molecule-26.6.0"
        },
        "x86_64-darwin": {
          "outputs": [
            {
              "name": "out",
              "path": "/nix/store/aapzcs24bzzwwihqmkxk4zhz82n2gh8a-python3.14-molecule-26.6.0",
              "default": true
            },
            {
              "name": "dist",
              "path": "/nix/store/0r51iwwlpmnx7rnz4z2gbi5dlwbzv29h-python3.14-molecule-26.6.0-dist"
            }
          ],
          "store_path": "/nix/store/aapzcs24bzzwwihqmkxk4zhz82n2gh8a-python3.14-molecule-26.6.0"
        },
        "x86_64-linux": {
          "outputs": [
            {
              "name": "out",
              "path": "/nix/store/x6w1l5px1lfygjg2jwj8sfyvpp6dbhwd-python3.14-molecule-26.6.0",
              "default": true
            },
            {
              "name": "dist",
              "path": "/nix/store/fs02g2wx3wsablbmj0avmhk0gdjcsi8w-python3.14-molecule-26.6.0-dist"
            }
          ],
          "store_path": "/nix/store/x6w1l5px1lfygjg2jwj8sfyvpp6dbhwd-python3.14-molecule-26.6.0"
        }
      }
    },
    "python314Packages.yamllint@1.37.1": {
      "last_modified": "2026-08-01T16:34:20Z",
      "resolved": "github:NixOS/nixpkgs/a5cbcfe954791221bfffe2307f7d1a1bf61a871e#python314Packages.yamllint",
      "source": "devbox-search",
      "version": "1.37.1",
      "systems": {
        "aarch64-darwin": {
          "outputs": [
            {
              "name": "out",
              "path": "/nix/store/gmrlavw9hxaj8vkfmc4fb99jbkk5rv1v-python3.14-yamllint-1.37.1",
              "default": true
            },
            {
              "name": "dist",
              "path": "/nix/store/vx2gbhfdbc45ckj00d8a56v7q070syl6-python3.14-yamllint-1.37.1-dist"
            }
          ],
          "store_path": "/nix/store/gmrlavw9hxaj8vkfmc4fb99jbkk5rv1v-python3.14-yamllint-1.37.1"
        },
        "aarch64-linux": {
          "outputs": [
            {
              "name": "out",
              "path": "/nix/store/qwzwn9invqa2cds0wzh17aim8zqxfzrq-python3.14-yamllint-1.37.1",
              "default": true
            },
            {
              "name": "dist",
              "path": "/nix/store/xy5brpcxnzrff06x2i0rrq1plvw3gpm0-python3.14-yamllint-1.37.1-dist"
            }
          ],
          "store_path": "/nix/store/qwzwn9invqa2cds0wzh17aim8zqxfzrq-python3.14-yamllint-1.37.1"
        },
        "x86_64-darwin": {
          "outputs": [
            {
              "name": "out",
              "path": "/nix/store/kah2iahcmpqpdz5hv7ag71i7yb76lpqj-python3.14-yamllint-1.37.1",
              "default": true
            },
            {
              "name": "dist",
              "path": "/nix/store/mpdjpzrz68x89dbya7j83wkdpgjfcrc1-python3.14-yamllint-1.37.1-dist"
            }
          ],
          "store_path": "/nix/store/kah2iahcmpqpdz5hv7ag71i7yb76lpqj-python3.14-yamllint-1.37.1"
        },
        "x86_64-linux": {
          "outputs": [
            {
              "name": "out",
              "path": "/nix/store/fvkapyfmww3x0fa2dci5d1vhbqb0m6pd-python3.14-yamllint-1.37.1",
              "default": true
            },
            {
              "name": "dist",
              "path": "/nix/store/4ck605l9rk3zp7n9ywdl4dfgijnsfg7m-python3.14-yamllint-1.37.1-dist"
            }
          ],
          "store_path": "/nix/store/fvkapyfmww3x0fa2dci5d1vhbqb0m6pd-python3.14-yamllint-1.37.1"
        }
      }
    }
  }
}
